
Microsoft Visual Studio Solution File, Format Version 12.00
Project("{FAE04EC0-301F-11D3-BF4B-00C04F79EFBC}") = "WindowsFormsAppExperiment", "WindowsFormsAppExperiment\WindowsFormsAppExperiment.csproj", "{04F9C82A-2B55-4772-B96A-4389CF8FCDF1}"
EndProject
Global
	GlobalSection(SolutionConfigurationPlatforms) = preSolution
		Debug|Any CPU = Debug|Any CPU
		Release|Any CPU = Release|Any CPU
	EndGlobalSection
	GlobalSection(ProjectConfigurationPlatforms) = postSolution
		{04F9C82A-2B55-4772-B96A-4389CF8FCDF1}.Debug|Any CPU.ActiveCfg = Debug|Any CPU
		{04F9C82A-2B55-4772-B96A-4389CF8FCDF1}.Debug|Any CPU.Build.0 = Debug|Any CPU
		{04F9C82A-2B55-4772-B96A-4389CF8FCDF1}.Release|Any CPU.ActiveCfg = Release|Any CPU
		{04F9C82A-2B55-4772-B96A-4389CF8FCDF1}.Release|Any CPU.Build.0 = Release|Any CPU
	EndGlobalSection
EndGlobal
